
Microsoft Visual Studio Solution File, Format Version 12.00
# Visual Studio Version 17
VisualStudioVersion = 17.13.35806.99 d17.13
MinimumVisualStudioVersion = 10.0.40219.1
Project("{FAE04EC0-301F-11D3-BF4B-00C04F79EFBC}") = "AutoTyper", "AutoTyper.csproj", "{3CFDC04C-1746-4D26-B33A-32C404987FF8}"
EndProject
Global
	GlobalSection(SolutionConfigurationPlatforms) = preSolution
		Debug|Any CPU = Debug|Any CPU
		Release|Any CPU = Release|Any CPU
	EndGlobalSection
	GlobalSection(ProjectConfigurationPlatforms) = postSolution
		{3CFDC04C-1746-4D26-B33A-32C404987FF8}.Debug|Any CPU.ActiveCfg = Debug|Any CPU
		{3CFDC04C-1746-4D26-B33A-32C404987FF8}.Debug|Any CPU.Build.0 = Debug|Any CPU
		{3CFDC04C-1746-4D26-B33A-32C404987FF8}.Release|Any CPU.ActiveCfg = Release|Any CPU
		{3CFDC04C-1746-4D26-B33A-32C404987FF8}.Release|Any CPU.Build.0 = Release|Any CPU
	EndGlobalSection
	GlobalSection(SolutionProperties) = preSolution
		HideSolutionNode = FALSE
	EndGlobalSection
	GlobalSection(ExtensibilityGlobals) = postSolution
		SolutionGuid = {5D469078-85DD-4620-A585-701D2EB1376A}
	EndGlobalSection
EndGlobal
